// !$*UTF8*$!
{
	archiveVersion = 1;
	classes = {
	};
	objectVersion = 77;
	objects = {

/* Begin PBXContainerItemProxy section */
		6AF0EEE82E456552009D1A13 /* PBXContainerItemProxy */ = {
			isa = PBXContainerItemProxy;
			containerPortal = 6AF0EED02E456551009D1A13 /* Project object */;
			proxyType = 1;
			remoteGlobalIDString = 6AF0EED72E456551009D1A13;
			remoteInfo = MacroFlow;
		};
		6AF0EEF22E456552009D1A13 /* PBXContainerItemProxy */ = {
			isa = PBXContainerItemProxy;
			containerPortal = 6AF0EED02E456551009D1A13 /* Project object */;
			proxyType = 1;
			remoteGlobalIDString = 6AF0EED72E456551009D1A13;
			remoteInfo = MacroFlow;
		};
/* End PBXContainerItemProxy section */

/* Begin PBXFileReference section */
		6AF0EED82E456551009D1A13 /* MacroFlow.app */ = {isa = PBXFileReference; explicitFileType = wrapper.application; includeInIndex = 0; path = MacroFlow.app; sourceTree = BUILT_PRODUCTS_DIR; };
		6AF0EEE72E456552009D1A13 /* MacroFlowTests.xctest */ = {isa = PBXFileReference; explicitFileType = wrapper.cfbundle; includeInIndex = 0; path = MacroFlowTests.xctest; sourceTree = BUILT_PRODUCTS_DIR; };
		6AF0EEF12E456552009D1A13 /* MacroFlowUITests.xctest */ = {isa = PBXFileReference; explicitFileType = wrapper.cfbundle; includeInIndex = 0; path = MacroFlowUITests.xctest; sourceTree = BUILT_PRODUCTS_DIR; };
/* End PBXFileReference section */

/* Begin PBXFileSystemSynchronizedBuildFileExceptionSet section */
		6AF0EF1E2E4570BE009D1A13 /* Exceptions for "MacroFlow" folder in "MacroFlow" target */ = {
			isa = PBXFileSystemSynchronizedBuildFileExceptionSet;
			membershipExceptions = (
				API/GenerateTrip.swift,
				API/ParseTrip.swift,
				Helpers/Action.swift,
			);
			target = 6AF0EED72E456551009D1A13 /* MacroFlow */;
		};
/* End PBXFileSystemSynchronizedBuildFileExceptionSet section */

/* Begin PBXFileSystemSynchronizedGroupBuildPhaseMembershipExceptionSet section */
		6AF0EF1F2E4570BE009D1A13 /* Exceptions for "MacroFlow" folder in "Copy Bundle Resources" phase from "MacroFlow" target */ = {
			isa = PBXFileSystemSynchronizedGroupBuildPhaseMembershipExceptionSet;
			buildPhase = 6AF0EED62E456551009D1A13 /* Resources */;
			membershipExceptions = (
				API/GenerateTrip.swift,
				API/ParseTrip.swift,
				Helpers/Action.swift,
			);
		};
/* End PBXFileSystemSynchronizedGroupBuildPhaseMembershipExceptionSet section */

/* Begin PBXFileSystemSynchronizedRootGroup section */
		6AF0EEDA2E456551009D1A13 /* MacroFlow */ = {
			isa = PBXFileSystemSynchronizedRootGroup;
			exceptions = (
				6AF0EF1E2E4570BE009D1A13 /* Exceptions for "MacroFlow" folder in "MacroFlow" target */,
				6AF0EF1F2E4570BE009D1A13 /* Exceptions for "MacroFlow" folder in "Copy Bundle Resources" phase from "MacroFlow" target */,
			);
			path = MacroFlow;
			sourceTree = "<group>";
		};
		6AF0EEEA2E456552009D1A13 /* MacroFlowTests */ = {
			isa = PBXFileSystemSynchronizedRootGroup;
			path = MacroFlowTests;
			sourceTree = "<group>";
		};
		6AF0EEF42E456552009D1A13 /* MacroFlowUITests */ = {
			isa = PBXFileSystemSynchronizedRootGroup;
			path = MacroFlowUITests;
			sourceTree = "<group>";
		};
/* End PBXFileSystemSynchronizedRootGroup section */

/* Begin PBXFrameworksBuildPhase section */
		6AF0EED52E456551009D1A13 /* Frameworks */ = {
			isa = PBXFrameworksBuildPhase;
			buildActionMask = 2147483647;
			files = (
			);
			runOnlyForDeploymentPostprocessing = 0;
		};
		6AF0EEE42E456552009D1A13 /* Frameworks */ = {
			isa = PBXFrameworksBuildPhase;
			buildActionMask = 2147483647;
			files = (
			);
			runOnlyForDeploymentPostprocessing = 0;
		};
		6AF0EEEE2E456552009D1A13 /* Frameworks */ = {
			isa = PBXFrameworksBuildPhase;
			buildActionMask = 2147483647;
			files = (
			);
			runOnlyForDeploymentPostprocessing = 0;
		};
/* End PBXFrameworksBuildPhase section */

/* Begin PBXGroup section */
		6AF0EECF2E456551009D1A13 = {
			isa = PBXGroup;
			children = (
				6AF0EEDA2E456551009D1A13 /* MacroFlow */,
				6AF0EEEA2E456552009D1A13 /* MacroFlowTests */,
				6AF0EEF42E456552009D1A13 /* MacroFlowUITests */,
				6AF0EED92E456551009D1A13 /* Products */,
			);
			sourceTree = "<group>";
		};
		6AF0EED92E456551009D1A13 /* Products */ = {
			isa = PBXGroup;
			children = (
				6AF0EED82E456551009D1A13 /* MacroFlow.app */,
				6AF0EEE72E456552009D1A13 /* MacroFlowTests.xctest */,
				6AF0EEF12E456552009D1A13 /* MacroFlowUITests.xctest */,
			);
			name = Products;
			sourceTree = "<group>";
		};
/* End PBXGroup section */

/* Begin PBXNativeTarget section */
		6AF0EED72E456551009D1A13 /* MacroFlow */ = {
			isa = PBXNativeTarget;
			buildConfigurationList = 6AF0EEFB2E456552009D1A13 /* Build configuration list for PBXNativeTarget "MacroFlow" */;
			buildPhases = (
				6AF0EED42E456551009D1A13 /* Sources */,
				6AF0EED52E456551009D1A13 /* Frameworks */,
				6AF0EED62E456551009D1A13 /* Resources */,
			);
			buildRules = (
			);
			dependencies = (
			);
			fileSystemSynchronizedGroups = (
				6AF0EEDA2E456551009D1A13 /* MacroFlow */,
			);
			name = MacroFlow;
			packageProductDependencies = (
			);
			productName = MacroFlow;
			productReference = 6AF0EED82E456551009D1A13 /* MacroFlow.app */;
			productType = "com.apple.product-type.application";
		};
		6AF0EEE62E456552009D1A13 /* MacroFlowTests */ = {
			isa = PBXNativeTarget;
			buildConfigurationList = 6AF0EEFE2E456552009D1A13 /* Build configuration list for PBXNativeTarget "MacroFlowTests" */;
			buildPhases = (
				6AF0EEE32E456552009D1A13 /* Sources */,
				6AF0EEE42E456552009D1A13 /* Frameworks */,
				6AF0EEE52E456552009D1A13 /* Resources */,
			);
			buildRules = (
			);
			dependencies = (
				6AF0EEE92E456552009D1A13 /* PBXTargetDependency */,
			);
			fileSystemSynchronizedGroups = (
				6AF0EEEA2E456552009D1A13 /* MacroFlowTests */,
			);
			name = MacroFlowTests;
			packageProductDependencies = (
			);
			productName = MacroFlowTests;
			productReference = 6AF0EEE72E456552009D1A13 /* MacroFlowTests.xctest */;
			productType = "com.apple.product-type.bundle.unit-test";
		};
		6AF0EEF02E456552009D1A13 /* MacroFlowUITests */ = {
			isa = PBXNativeTarget;
			buildConfigurationList = 6AF0EF012E456552009D1A13 /* Build configuration list for PBXNativeTarget "MacroFlowUITests" */;
			buildPhases = (
				6AF0EEED2E456552009D1A13 /* Sources */,
				6AF0EEEE2E456552009D1A13 /* Frameworks */,
				6AF0EEEF2E456552009D1A13 /* Resources */,
			);
			buildRules = (
			);
			dependencies = (
				6AF0EEF32E456552009D1A13 /* PBXTargetDependency */,
			);
			fileSystemSynchronizedGroups = (
				6AF0EEF42E456552009D1A13 /* MacroFlowUITests */,
			);
			name = MacroFlowUITests;
			packageProductDependencies = (
			);
			productName = MacroFlowUITests;
			productReference = 6AF0EEF12E456552009D1A13 /* MacroFlowUITests.xctest */;
			productType = "com.apple.product-type.bundle.ui-testing";
		};
/* End PBXNativeTarget section */

/* Begin PBXProject section */
		6AF0EED02E456551009D1A13 /* Project object */ = {
			isa = PBXProject;
			attributes = {
				BuildIndependentTargetsInParallel = 1;
				LastSwiftUpdateCheck = 1630;
				LastUpgradeCheck = 1630;
				TargetAttributes = {
					6AF0EED72E456551009D1A13 = {
						CreatedOnToolsVersion = 16.3;
					};
					6AF0EEE62E456552009D1A13 = {
						CreatedOnToolsVersion = 16.3;
						TestTargetID = 6AF0EED72E456551009D1A13;
					};
					6AF0EEF02E456552009D1A13 = {
						CreatedOnToolsVersion = 16.3;
						TestTargetID = 6AF0EED72E456551009D1A13;
					};
				};
			};
			buildConfigurationList = 6AF0EED32E456551009D1A13 /* Build configuration list for PBXProject "MacroFlow" */;
			developmentRegion = en;
			hasScannedForEncodings = 0;
			knownRegions = (
				en,
				Base,
			);
			mainGroup = 6AF0EECF2E456551009D1A13;
			minimizedProjectReferenceProxies = 1;
			preferredProjectObjectVersion = 77;
			productRefGroup = 6AF0EED92E456551009D1A13 /* Products */;
			projectDirPath = "";
			projectRoot = "";
			targets = (
				6AF0EED72E456551009D1A13 /* MacroFlow */,
				6AF0EEE62E456552009D1A13 /* MacroFlowTests */,
				6AF0EEF02E456552009D1A13 /* MacroFlowUITests */,
			);
		};
/* End PBXProject section */

/* Begin PBXResourcesBuildPhase section */
		6AF0EED62E456551009D1A13 /* Resources */ = {
			isa = PBXResourcesBuildPhase;
			buildActionMask = 2147483647;
			files = (
			);
			runOnlyForDeploymentPostprocessing = 0;
		};
		6AF0EEE52E456552009D1A13 /* Resources */ = {
			isa = PBXResourcesBuildPhase;
			buildActionMask = 2147483647;
			files = (
			);
			runOnlyForDeploymentPostprocessing = 0;
		};
		6AF0EEEF2E456552009D1A13 /* Resources */ = {
			isa = PBXResourcesBuildPhase;
			buildActionMask = 2147483647;
			files = (
			);
			runOnlyForDeploymentPostprocessing = 0;
		};
/* End PBXResourcesBuildPhase section */

/* Begin PBXSourcesBuildPhase section */
		6AF0EED42E456551009D1A13 /* Sources */ = {
			isa = PBXSourcesBuildPhase;
			buildActionMask = 2147483647;
			files = (
			);
			runOnlyForDeploymentPostprocessing = 0;
		};
		6AF0EEE32E456552009D1A13 /* Sources */ = {
			isa = PBXSourcesBuildPhase;
			buildActionMask = 2147483647;
			files = (
			);
			runOnlyForDeploymentPostprocessing = 0;
		};
		6AF0EEED2E456552009D1A13 /* Sources */ = {
			isa = PBXSourcesBuildPhase;
			buildActionMask = 2147483647;
			files = (
			);
			runOnlyForDeploymentPostprocessing = 0;
		};
/* End PBXSourcesBuildPhase section */

/* Begin PBXTargetDependency section */
		6AF0EEE92E456552009D1A13 /* PBXTargetDependency */ = {
			isa = PBXTargetDependency;
			target = 6AF0EED72E456551009D1A13 /* MacroFlow */;
			targetProxy = 6AF0EEE82E456552009D1A13 /* PBXContainerItemProxy */;
		};
		6AF0EEF32E456552009D1A13 /* PBXTargetDependency */ = {
			isa = PBXTargetDependency;
			target = 6AF0EED72E456551009D1A13 /* MacroFlow */;
			targetProxy = 6AF0EEF22E456552009D1A13 /* PBXContainerItemProxy */;
		};
/* End PBXTargetDependency section */

/* Begin XCBuildConfiguration section */
		6AF0EEF92E456552009D1A13 /* Debug */ = {
			isa = XCBuildConfiguration;
			buildSettings = {
				ALWAYS_SEARCH_USER_PATHS = NO;
				ASSETCATALOG_COMPILER_GENERATE_SWIFT_ASSET_SYMBOL_EXTENSIONS = YES;
				CLANG_ANALYZER_NONNULL = YES;
				CLANG_ANALYZER_NUMBER_OBJECT_CONVERSION = YES_AGGRESSIVE;
				CLANG_CXX_LANGUAGE_STANDARD = "gnu++20";
				CLANG_ENABLE_MODULES = YES;
				CLANG_ENABLE_OBJC_ARC = YES;
				CLANG_ENABLE_OBJC_WEAK = YES;
				CLANG_WARN_BLOCK_CAPTURE_AUTORELEASING = YES;
				CLANG_WARN_BOOL_CONVERSION = YES;
				CLANG_WARN_COMMA = YES;
				CLANG_WARN_CONSTANT_CONVERSION = YES;
				CLANG_WARN_DEPRECATED_OBJC_IMPLEMENTATIONS = YES;
				CLANG_WARN_DIRECT_OBJC_ISA_USAGE = YES_ERROR;
				CLANG_WARN_DOCUMENTATION_COMMENTS = YES;
				CLANG_WARN_EMPTY_BODY = YES;
				CLANG_WARN_ENUM_CONVERSION = YES;
				CLANG_WARN_INFINITE_RECURSION = YES;
				CLANG_WARN_INT_CONVERSION = YES;
				CLANG_WARN_NON_LITERAL_NULL_CONVERSION = YES;
				CLANG_WARN_OBJC_IMPLICIT_RETAIN_SELF = YES;
				CLANG_WARN_OBJC_LITERAL_CONVERSION = YES;
				CLANG_WARN_OBJC_ROOT_CLASS = YES_ERROR;
				CLANG_WARN_QUOTED_INCLUDE_IN_FRAMEWORK_HEADER = YES;
				CLANG_WARN_RANGE_LOOP_ANALYSIS = YES;
				CLANG_WARN_STRICT_PROTOTYPES = YES;
				CLANG_WARN_SUSPICIOUS_MOVE = YES;
				CLANG_WARN_UNGUARDED_AVAILABILITY = YES_AGGRESSIVE;
				CLANG_WARN_UNREACHABLE_CODE = YES;
				CLANG_WARN__DUPLICATE_METHOD_MATCH = YES;
				COPY_PHASE_STRIP = NO;
				DEBUG_INFORMATION_FORMAT = dwarf;
				DEVELOPMENT_TEAM = GJSQKJ8294;
				ENABLE_STRICT_OBJC_MSGSEND = YES;
				ENABLE_TESTABILITY = YES;
				ENABLE_USER_SCRIPT_SANDBOXING = YES;
				GCC_C_LANGUAGE_STANDARD = gnu17;
				GCC_DYNAMIC_NO_PIC = NO;
				GCC_NO_COMMON_BLOCKS = YES;
				GCC_OPTIMIZATION_LEVEL = 0;
				GCC_PREPROCESSOR_DEFINITIONS = (
					"DEBUG=1",
					"$(inherited)",
				);
				GCC_WARN_64_TO_32_BIT_CONVERSION = YES;
				GCC_WARN_ABOUT_RETURN_TYPE = YES_ERROR;
				GCC_WARN_UNDECLARED_SELECTOR = YES;
				GCC_WARN_UNINITIALIZED_AUTOS = YES_AGGRESSIVE;
				GCC_WARN_UNUSED_FUNCTION = YES;
				GCC_WARN_UNUSED_VARIABLE = YES;
				IPHONEOS_DEPLOYMENT_TARGET = 18.4;
				LOCALIZATION_PREFERS_STRING_CATALOGS = YES;
				MTL_ENABLE_DEBUG_INFO = INCLUDE_SOURCE;
				MTL_FAST_MATH = YES;
				ONLY_ACTIVE_ARCH = YES;
				SDKROOT = iphoneos;
				SWIFT_ACTIVE_COMPILATION_CONDITIONS = "DEBUG $(inherited)";
				SWIFT_OPTIMIZATION_LEVEL = "-Onone";
			};
			name = Debug;
		};
		6AF0EEFA2E456552009D1A13 /* Release */ = {
			isa = XCBuildConfiguration;
			buildSettings = {
				ALWAYS_SEARCH_USER_PATHS = NO;
				ASSETCATALOG_COMPILER_GENERATE_SWIFT_ASSET_SYMBOL_EXTENSIONS = YES;
				CLANG_ANALYZER_NONNULL = YES;
				CLANG_ANALYZER_NUMBER_OBJECT_CONVERSION = YES_AGGRESSIVE;
				CLANG_CXX_LANGUAGE_STANDARD = "gnu++20";
				CLANG_ENABLE_MODULES = YES;
				CLANG_ENABLE_OBJC_ARC = YES;
				CLANG_ENABLE_OBJC_WEAK = YES;
				CLANG_WARN_BLOCK_CAPTURE_AUTORELEASING = YES;
				CLANG_WARN_BOOL_CONVERSION = YES;
				CLANG_WARN_COMMA = YES;
				CLANG_WARN_CONSTANT_CONVERSION = YES;
				CLANG_WARN_DEPRECATED_OBJC_IMPLEMENTATIONS = YES;
				CLANG_WARN_DIRECT_OBJC_ISA_USAGE = YES_ERROR;
				CLANG_WARN_DOCUMENTATION_COMMENTS = YES;
				CLANG_WARN_EMPTY_BODY = YES;
				CLANG_WARN_ENUM_CONVERSION = YES;
				CLANG_WARN_INFINITE_RECURSION = YES;
				CLANG_WARN_INT_CONVERSION = YES;
				CLANG_WARN_NON_LITERAL_NULL_CONVERSION = YES;
				CLANG_WARN_OBJC_IMPLICIT_RETAIN_SELF = YES;
				CLANG_WARN_OBJC_LITERAL_CONVERSION = YES;
				CLANG_WARN_OBJC_ROOT_CLASS = YES_ERROR;
				CLANG_WARN_QUOTED_INCLUDE_IN_FRAMEWORK_HEADER = YES;
				CLANG_WARN_RANGE_LOOP_ANALYSIS = YES;
				CLANG_WARN_STRICT_PROTOTYPES = YES;
				CLANG_WARN_SUSPICIOUS_MOVE = YES;
				CLANG_WARN_UNGUARDED_AVAILABILITY = YES_AGGRESSIVE;
				CLANG_WARN_UNREACHABLE_CODE = YES;
				CLANG_WARN__DUPLICATE_METHOD_MATCH = YES;
				COPY_PHASE_STRIP = NO;
				DEBUG_INFORMATION_FORMAT = "dwarf-with-dsym";
				DEVELOPMENT_TEAM = GJSQKJ8294;
				ENABLE_NS_ASSERTIONS = NO;
				ENABLE_STRICT_OBJC_MSGSEND = YES;
				ENABLE_USER_SCRIPT_SANDBOXING = YES;
				GCC_C_LANGUAGE_STANDARD = gnu17;
				GCC_NO_COMMON_BLOCKS = YES;
				GCC_WARN_64_TO_32_BIT_CONVERSION = YES;
				GCC_WARN_ABOUT_RETURN_TYPE = YES_ERROR;
				GCC_WARN_UNDECLARED_SELECTOR = YES;
				GCC_WARN_UNINITIALIZED_AUTOS = YES_AGGRESSIVE;
				GCC_WARN_UNUSED_FUNCTION = YES;
				GCC_WARN_UNUSED_VARIABLE = YES;
				IPHONEOS_DEPLOYMENT_TARGET = 18.4;
				LOCALIZATION_PREFERS_STRING_CATALOGS = YES;
				MTL_ENABLE_DEBUG_INFO = NO;
				MTL_FAST_MATH = YES;
				SDKROOT = iphoneos;
				SWIFT_COMPILATION_MODE = wholemodule;
				VALIDATE_PRODUCT = YES;
			};
			name = Release;
		};
		6AF0EEFC2E456552009D1A13 /* Debug */ = {
			isa = XCBuildConfiguration;
			buildSettings = {
				ASSETCATALOG_COMPILER_APPICON_NAME = AppIcon;
				ASSETCATALOG_COMPILER_GLOBAL_ACCENT_COLOR_NAME = AccentColor;
				CODE_SIGN_STYLE = Automatic;
				CURRENT_PROJECT_VERSION = 1;
				DEVELOPMENT_TEAM = GJSQKJ8294;
				ENABLE_PREVIEWS = YES;
				GENERATE_INFOPLIST_FILE = YES;
				INFOPLIST_KEY_UIApplicationSceneManifest_Generation = YES;
				INFOPLIST_KEY_UIApplicationSupportsIndirectInputEvents = YES;
				INFOPLIST_KEY_UILaunchScreen_Generation = YES;
				INFOPLIST_KEY_UISupportedInterfaceOrientations_iPad = "UIInterfaceOrientationPortrait UIInterfaceOrientationPortraitUpsideDown UIInterfaceOrientationLandscapeLeft UIInterfaceOrientationLandscapeRight";
				INFOPLIST_KEY_UISupportedInterfaceOrientations_iPhone = "UIInterfaceOrientationPortrait UIInterfaceOrientationLandscapeLeft UIInterfaceOrientationLandscapeRight";
				LD_RUNPATH_SEARCH_PATHS = (
					"$(inherited)",
					"@executable_path/Frameworks",
				);
				MARKETING_VERSION = 1.0;
				PRODUCT_BUNDLE_IDENTIFIER = com.Tristan.MacroFlow;
				PRODUCT_NAME = "$(TARGET_NAME)";
				SWIFT_EMIT_LOC_STRINGS = YES;
				SWIFT_VERSION = 5.0;
				TARGETED_DEVICE_FAMILY = "1,2";
			};
			name = Debug;
		};
		6AF0EEFD2E456552009D1A13 /* Release */ = {
			isa = XCBuildConfiguration;
			buildSettings = {
				ASSETCATALOG_COMPILER_APPICON_NAME = AppIcon;
				ASSETCATALOG_COMPILER_GLOBAL_ACCENT_COLOR_NAME = AccentColor;
				CODE_SIGN_STYLE = Automatic;
				CURRENT_PROJECT_VERSION = 1;
				DEVELOPMENT_TEAM = GJSQKJ8294;
				ENABLE_PREVIEWS = YES;
				GENERATE_INFOPLIST_FILE = YES;
				INFOPLIST_KEY_UIApplicationSceneManifest_Generation = YES;
				INFOPLIST_KEY_UIApplicationSupportsIndirectInputEvents = YES;
				INFOPLIST_KEY_UILaunchScreen_Generation = YES;
				INFOPLIST_KEY_UISupportedInterfaceOrientations_iPad = "UIInterfaceOrientationPortrait UIInterfaceOrientationPortraitUpsideDown UIInterfaceOrientationLandscapeLeft UIInterfaceOrientationLandscapeRight";
				INFOPLIST_KEY_UISupportedInterfaceOrientations_iPhone = "UIInterfaceOrientationPortrait UIInterfaceOrientationLandscapeLeft UIInterfaceOrientationLandscapeRight";
				LD_RUNPATH_SEARCH_PATHS = (
					"$(inherited)",
					"@executable_path/Frameworks",
				);
				MARKETING_VERSION = 1.0;
				PRODUCT_BUNDLE_IDENTIFIER = com.Tristan.MacroFlow;
				PRODUCT_NAME = "$(TARGET_NAME)";
				SWIFT_EMIT_LOC_STRINGS = YES;
				SWIFT_VERSION = 5.0;
				TARGETED_DEVICE_FAMILY = "1,2";
			};
			name = Release;
		};
		6AF0EEFF2E456552009D1A13 /* Debug */ = {
			isa = XCBuildConfiguration;
			buildSettings = {
				BUNDLE_LOADER = "$(TEST_HOST)";
				CODE_SIGN_STYLE = Automatic;
				CURRENT_PROJECT_VERSION = 1;
				DEVELOPMENT_TEAM = GJSQKJ8294;
				GENERATE_INFOPLIST_FILE = YES;
				IPHONEOS_DEPLOYMENT_TARGET = 18.4;
				MARKETING_VERSION = 1.0;
				PRODUCT_BUNDLE_IDENTIFIER = com.Tristan.MacroFlowTests;
				PRODUCT_NAME = "$(TARGET_NAME)";
				SWIFT_EMIT_LOC_STRINGS = NO;
				SWIFT_VERSION = 5.0;
				TARGETED_DEVICE_FAMILY = "1,2";
				TEST_HOST = "$(BUILT_PRODUCTS_DIR)/MacroFlow.app/$(BUNDLE_EXECUTABLE_FOLDER_PATH)/MacroFlow";
			};
			name = Debug;
		};
		6AF0EF002E456552009D1A13 /* Release */ = {
			isa = XCBuildConfiguration;
			buildSettings = {
				BUNDLE_LOADER = "$(TEST_HOST)";
				CODE_SIGN_STYLE = Automatic;
				CURRENT_PROJECT_VERSION = 1;
				DEVELOPMENT_TEAM = GJSQKJ8294;
				GENERATE_INFOPLIST_FILE = YES;
				IPHONEOS_DEPLOYMENT_TARGET = 18.4;
				MARKETING_VERSION = 1.0;
				PRODUCT_BUNDLE_IDENTIFIER = com.Tristan.MacroFlowTests;
				PRODUCT_NAME = "$(TARGET_NAME)";
				SWIFT_EMIT_LOC_STRINGS = NO;
				SWIFT_VERSION = 5.0;
				TARGETED_DEVICE_FAMILY = "1,2";
				TEST_HOST = "$(BUILT_PRODUCTS_DIR)/MacroFlow.app/$(BUNDLE_EXECUTABLE_FOLDER_PATH)/MacroFlow";
			};
			name = Release;
		};
		6AF0EF022E456552009D1A13 /* Debug */ = {
			isa = XCBuildConfiguration;
			buildSettings = {
				CODE_SIGN_STYLE = Automatic;
				CURRENT_PROJECT_VERSION = 1;
				DEVELOPMENT_TEAM = GJSQKJ8294;
				GENERATE_INFOPLIST_FILE = YES;
				MARKETING_VERSION = 1.0;
				PRODUCT_BUNDLE_IDENTIFIER = com.Tristan.MacroFlowUITests;
				PRODUCT_NAME = "$(TARGET_NAME)";
				SWIFT_EMIT_LOC_STRINGS = NO;
				SWIFT_VERSION = 5.0;
				TARGETED_DEVICE_FAMILY = "1,2";
				TEST_TARGET_NAME = MacroFlow;
			};
			name = Debug;
		};
		6AF0EF032E456552009D1A13 /* Release */ = {
			isa = XCBuildConfiguration;
			buildSettings = {
				CODE_SIGN_STYLE = Automatic;
				CURRENT_PROJECT_VERSION = 1;
				DEVELOPMENT_TEAM = GJSQKJ8294;
				GENERATE_INFOPLIST_FILE = YES;
				MARKETING_VERSION = 1.0;
				PRODUCT_BUNDLE_IDENTIFIER = com.Tristan.MacroFlowUITests;
				PRODUCT_NAME = "$(TARGET_NAME)";
				SWIFT_EMIT_LOC_STRINGS = NO;
				SWIFT_VERSION = 5.0;
				TARGETED_DEVICE_FAMILY = "1,2";
				TEST_TARGET_NAME = MacroFlow;
			};
			name = Release;
		};
/* End XCBuildConfiguration section */

/* Begin XCConfigurationList section */
		6AF0EED32E456551009D1A13 /* Build configuration list for PBXProject "MacroFlow" */ = {
			isa = XCConfigurationList;
			buildConfigurations = (
				6AF0EEF92E456552009D1A13 /* Debug */,
				6AF0EEFA2E456552009D1A13 /* Release */,
			);
			defaultConfigurationIsVisible = 0;
			defaultConfigurationName = Release;
		};
		6AF0EEFB2E456552009D1A13 /* Build configuration list for PBXNativeTarget "MacroFlow" */ = {
			isa = XCConfigurationList;
			buildConfigurations = (
				6AF0EEFC2E456552009D1A13 /* Debug */,
				6AF0EEFD2E456552009D1A13 /* Release */,
			);
			defaultConfigurationIsVisible = 0;
			defaultConfigurationName = Release;
		};
		6AF0EEFE2E456552009D1A13 /* Build configuration list for PBXNativeTarget "MacroFlowTests" */ = {
			isa = XCConfigurationList;
			buildConfigurations = (
				6AF0EEFF2E456552009D1A13 /* Debug */,
				6AF0EF002E456552009D1A13 /* Release */,
			);
			defaultConfigurationIsVisible = 0;
			defaultConfigurationName = Release;
		};
		6AF0EF012E456552009D1A13 /* Build configuration list for PBXNativeTarget "MacroFlowUITests" */ = {
			isa = XCConfigurationList;
			buildConfigurations = (
				6AF0EF022E456552009D1A13 /* Debug */,
				6AF0EF032E456552009D1A13 /* Release */,
			);
			defaultConfigurationIsVisible = 0;
			defaultConfigurationName = Release;
		};
/* End XCConfigurationList section */
	};
	rootObject = 6AF0EED02E456551009D1A13 /* Project object */;
}
